
Microsoft Visual Studio Solution File, Format Version 12.00
# Visual Studio Version 16
VisualStudioVersion = 16.0.29215.179
MinimumVisualStudioVersion = 10.0.40219.1
Project("{FAE04EC0-301F-11D3-BF4B-00C04F79EFBC}") = "XamarinEssentialsApp.Android", "XamarinEssentialsApp\XamarinEssentialsApp.Android\XamarinEssentialsApp.Android.csproj", "{8E25109A-7E47-4E99-BFB5-DD1F401F695C}"
EndProject
Project("{FAE04EC0-301F-11D3-BF4B-00C04F79EFBC}") = "XamarinEssentialsApp", "XamarinEssentialsApp\XamarinEssentialsApp\XamarinEssentialsApp.csproj", "{DE2270E5-0178-466A-94E6-1B9BD99FA756}"
EndProject
Global
	GlobalSection(SolutionConfigurationPlatforms) = preSolution
		Debug|Any CPU = Debug|Any CPU
		Release|Any CPU = Release|Any CPU
	EndGlobalSection
	GlobalSection(ProjectConfigurationPlatforms) = postSolution
		{8E25109A-7E47-4E99-BFB5-DD1F401F695C}.Debug|Any CPU.ActiveCfg = Debug|Any CPU
		{8E25109A-7E47-4E99-BFB5-DD1F401F695C}.Debug|Any CPU.Build.0 = Debug|Any CPU
		{8E25109A-7E47-4E99-BFB5-DD1F401F695C}.Debug|Any CPU.Deploy.0 = Debug|Any CPU
		{8E25109A-7E47-4E99-BFB5-DD1F401F695C}.Release|Any CPU.ActiveCfg = Release|Any CPU
		{8E25109A-7E47-4E99-BFB5-DD1F401F695C}.Release|Any CPU.Build.0 = Release|Any CPU
		{8E25109A-7E47-4E99-BFB5-DD1F401F695C}.Release|Any CPU.Deploy.0 = Release|Any CPU
		{DE2270E5-0178-466A-94E6-1B9BD99FA756}.Debug|Any CPU.ActiveCfg = Debug|Any CPU
		{DE2270E5-0178-466A-94E6-1B9BD99FA756}.Debug|Any CPU.Build.0 = Debug|Any CPU
		{DE2270E5-0178-466A-94E6-1B9BD99FA756}.Debug|Any CPU.Deploy.0 = Debug|Any CPU
		{DE2270E5-0178-466A-94E6-1B9BD99FA756}.Release|Any CPU.ActiveCfg = Release|Any CPU
		{DE2270E5-0178-466A-94E6-1B9BD99FA756}.Release|Any CPU.Build.0 = Release|Any CPU
		{DE2270E5-0178-466A-94E6-1B9BD99FA756}.Release|Any CPU.Deploy.0 = Release|Any CPU
	EndGlobalSection
	GlobalSection(SolutionProperties) = preSolution
		HideSolutionNode = FALSE
	EndGlobalSection
	GlobalSection(ExtensibilityGlobals) = postSolution
		SolutionGuid = {7A1EBFDD-20A5-4306-9422-CB059E061B09}
	EndGlobalSection
EndGlobal
